
Microsoft Visual Studio Solution File, Format Version 12.00
# Visual Studio Version 16
VisualStudioVersion = 16.0.32002.261
MinimumVisualStudioVersion = 10.0.40219.1
Project("{9A19103F-16F7-4668-BE54-9A1E7A4F7556}") = "CareConnect", "PLIC_Web_Poratal\CareConnect.csproj", "{0363763F-9047-4833-A22B-E03E4AB2734D}"
EndProject
Global
	GlobalSection(SolutionConfigurationPlatforms) = preSolution
		Debug|Any CPU = Debug|Any CPU
		Release|Any CPU = Release|Any CPU
	EndGlobalSection
	GlobalSection(ProjectConfigurationPlatforms) = postSolution
		{0363763F-9047-4833-A22B-E03E4AB2734D}.Debug|Any CPU.ActiveCfg = Debug|Any CPU
		{0363763F-9047-4833-A22B-E03E4AB2734D}.Debug|Any CPU.Build.0 = Debug|Any CPU
		{0363763F-9047-4833-A22B-E03E4AB2734D}.Release|Any CPU.ActiveCfg = Release|Any CPU
		{0363763F-9047-4833-A22B-E03E4AB2734D}.Release|Any CPU.Build.0 = Release|Any CPU
	EndGlobalSection
	GlobalSection(SolutionProperties) = preSolution
		HideSolutionNode = FALSE
	EndGlobalSection
	GlobalSection(ExtensibilityGlobals) = postSolution
		SolutionGuid = {AAAB5CFD-3326-4507-82E8-19F26C66CCAA}
	EndGlobalSection
	GlobalSection(SourceCodeControl) = preSolution
		SccNumberOfProjects = 2
		SccLocalPath0 = .
		SccProjectUniqueName1 = PLIC_Web_Poratal\\CareConnect.csproj
		SccLocalPath1 = .
		SccProjectFilePathRelativizedFromConnection1 = PLIC_Web_Poratal\\
	EndGlobalSection
EndGlobal
